
Microsoft Visual Studio Solution File, Format Version 12.00
# Visual Studio Version 17
VisualStudioVersion = 17.5.33516.290
MinimumVisualStudioVersion = 10.0.40219.1
Project("{9A19103F-16F7-4668-BE54-9A1E7A4F7556}") = "ContactsCS", "ContactsCS.csproj", "{DAC56779-308C-44C4-B910-475B04CC0826}"
EndProject
Project("{FAE04EC0-301F-11D3-BF4B-00C04F79EFBC}") = "ContactApiCS", "..\ContactApiCS\ContactApiCS.csproj", "{DCEEDC24-AB5B-4588-ACEE-2619001850B5}"
EndProject
Global
	GlobalSection(SolutionConfigurationPlatforms) = preSolution
		Debug|Any CPU = Debug|Any CPU
		Release|Any CPU = Release|Any CPU
	EndGlobalSection
	GlobalSection(ProjectConfigurationPlatforms) = postSolution
		{DAC56779-308C-44C4-B910-475B04CC0826}.Debug|Any CPU.ActiveCfg = Debug|Any CPU
		{DAC56779-308C-44C4-B910-475B04CC0826}.Debug|Any CPU.Build.0 = Debug|Any CPU
		{DAC56779-308C-44C4-B910-475B04CC0826}.Release|Any CPU.ActiveCfg = Release|Any CPU
		{DAC56779-308C-44C4-B910-475B04CC0826}.Release|Any CPU.Build.0 = Release|Any CPU
		{DCEEDC24-AB5B-4588-ACEE-2619001850B5}.Debug|Any CPU.ActiveCfg = Debug|Any CPU
		{DCEEDC24-AB5B-4588-ACEE-2619001850B5}.Debug|Any CPU.Build.0 = Debug|Any CPU
		{DCEEDC24-AB5B-4588-ACEE-2619001850B5}.Release|Any CPU.ActiveCfg = Release|Any CPU
		{DCEEDC24-AB5B-4588-ACEE-2619001850B5}.Release|Any CPU.Build.0 = Release|Any CPU
	EndGlobalSection
	GlobalSection(SolutionProperties) = preSolution
		HideSolutionNode = FALSE
	EndGlobalSection
	GlobalSection(ExtensibilityGlobals) = postSolution
		SolutionGuid = {360C510E-7BBA-4913-8765-EDFE35B22004}
	EndGlobalSection
EndGlobal
